
Microsoft Visual Studio Solution File, Format Version 12.00
# Visual Studio Version 17
VisualStudioVersion = 17.11.35312.102
MinimumVisualStudioVersion = 10.0.40219.1
Project("{9A19103F-16F7-4668-BE54-9A1E7A4F7556}") = "HackerNewsStories.API", "HackerNewsStories.API.csproj", "{7B35C716-572C-4610-82A5-B771608AD702}"
EndProject
Global
	GlobalSection(SolutionConfigurationPlatforms) = preSolution
		Debug|Any CPU = Debug|Any CPU
		Release|Any CPU = Release|Any CPU
	EndGlobalSection
	GlobalSection(ProjectConfigurationPlatforms) = postSolution
		{7B35C716-572C-4610-82A5-B771608AD702}.Debug|Any CPU.ActiveCfg = Debug|Any CPU
		{7B35C716-572C-4610-82A5-B771608AD702}.Debug|Any CPU.Build.0 = Debug|Any CPU
		{7B35C716-572C-4610-82A5-B771608AD702}.Release|Any CPU.ActiveCfg = Release|Any CPU
		{7B35C716-572C-4610-82A5-B771608AD702}.Release|Any CPU.Build.0 = Release|Any CPU
	EndGlobalSection
	GlobalSection(SolutionProperties) = preSolution
		HideSolutionNode = FALSE
	EndGlobalSection
	GlobalSection(ExtensibilityGlobals) = postSolution
		SolutionGuid = {168363E9-C987-46FE-A332-40E2592B1527}
	EndGlobalSection
EndGlobal
